
Microsoft Visual Studio Solution File, Format Version 12.00
# Visual Studio Version 17
VisualStudioVersion = 17.6.33815.320
MinimumVisualStudioVersion = 10.0.40219.1
Project("{FAE04EC0-301F-11D3-BF4B-00C04F79EFBC}") = "AmbientOcclusion", "AmbientOcclusion.csproj", "{67F2A7D2-BAF6-4F54-8CAD-AB7D8C58D8E7}"
EndProject
Global
	GlobalSection(SolutionConfigurationPlatforms) = preSolution
		Debug|Any CPU = Debug|Any CPU
		Release|Any CPU = Release|Any CPU
	EndGlobalSection
	GlobalSection(ProjectConfigurationPlatforms) = postSolution
		{67F2A7D2-BAF6-4F54-8CAD-AB7D8C58D8E7}.Debug|Any CPU.ActiveCfg = Debug|Any CPU
		{67F2A7D2-BAF6-4F54-8CAD-AB7D8C58D8E7}.Debug|Any CPU.Build.0 = Debug|Any CPU
		{67F2A7D2-BAF6-4F54-8CAD-AB7D8C58D8E7}.Release|Any CPU.ActiveCfg = Release|Any CPU
		{67F2A7D2-BAF6-4F54-8CAD-AB7D8C58D8E7}.Release|Any CPU.Build.0 = Release|Any CPU
	EndGlobalSection
	GlobalSection(SolutionProperties) = preSolution
		HideSolutionNode = FALSE
	EndGlobalSection
	GlobalSection(ExtensibilityGlobals) = postSolution
		SolutionGuid = {772872C3-B7CB-45A6-88A7-3406B9B60E5E}
	EndGlobalSection
EndGlobal
