
Microsoft Visual Studio Solution File, Format Version 12.00
# Visual Studio Version 17
VisualStudioVersion = 17.6.33815.320
MinimumVisualStudioVersion = 10.0.40219.1
Project("{9A19103F-16F7-4668-BE54-9A1E7A4F7556}") = "AmbientOcclusion", "AmbientOcclusion.csproj", "{67F2A7D2-BAF6-4F54-8CAD-AB7D8C58D8E7}"
EndProject
<<<<<<< HEAD
Project("{9A19103F-16F7-4668-BE54-9A1E7A4F7556}") = "AOHLSL", "..\AOHLSL\AOHLSL.csproj", "{9A22FC52-00DE-4649-9473-6679B503F0E2}"
=======
Project("{9A19103F-16F7-4668-BE54-9A1E7A4F7556}") = "AOHLSL", "..\..\..\AOHLSL\AOHLSL\AOHLSL.csproj", "{6DEFC8F8-339B-496F-AB00-BF2B17A599F3}"
>>>>>>> 0d4b36b57cfebd9c78580c32e4101c673f2c22b1
EndProject
Global
	GlobalSection(SolutionConfigurationPlatforms) = preSolution
		Debug|Any CPU = Debug|Any CPU
		Release|Any CPU = Release|Any CPU
	EndGlobalSection
	GlobalSection(ProjectConfigurationPlatforms) = postSolution
		{67F2A7D2-BAF6-4F54-8CAD-AB7D8C58D8E7}.Debug|Any CPU.ActiveCfg = Debug|Any CPU
		{67F2A7D2-BAF6-4F54-8CAD-AB7D8C58D8E7}.Debug|Any CPU.Build.0 = Debug|Any CPU
		{67F2A7D2-BAF6-4F54-8CAD-AB7D8C58D8E7}.Release|Any CPU.ActiveCfg = Release|Any CPU
		{67F2A7D2-BAF6-4F54-8CAD-AB7D8C58D8E7}.Release|Any CPU.Build.0 = Release|Any CPU
<<<<<<< HEAD
		{9A22FC52-00DE-4649-9473-6679B503F0E2}.Debug|Any CPU.ActiveCfg = Debug|Any CPU
		{9A22FC52-00DE-4649-9473-6679B503F0E2}.Debug|Any CPU.Build.0 = Debug|Any CPU
		{9A22FC52-00DE-4649-9473-6679B503F0E2}.Release|Any CPU.ActiveCfg = Release|Any CPU
		{9A22FC52-00DE-4649-9473-6679B503F0E2}.Release|Any CPU.Build.0 = Release|Any CPU
=======
		{6DEFC8F8-339B-496F-AB00-BF2B17A599F3}.Debug|Any CPU.ActiveCfg = Debug|Any CPU
		{6DEFC8F8-339B-496F-AB00-BF2B17A599F3}.Debug|Any CPU.Build.0 = Debug|Any CPU
		{6DEFC8F8-339B-496F-AB00-BF2B17A599F3}.Release|Any CPU.ActiveCfg = Release|Any CPU
		{6DEFC8F8-339B-496F-AB00-BF2B17A599F3}.Release|Any CPU.Build.0 = Release|Any CPU
>>>>>>> 0d4b36b57cfebd9c78580c32e4101c673f2c22b1
	EndGlobalSection
	GlobalSection(SolutionProperties) = preSolution
		HideSolutionNode = FALSE
	EndGlobalSection
	GlobalSection(ExtensibilityGlobals) = postSolution
		SolutionGuid = {772872C3-B7CB-45A6-88A7-3406B9B60E5E}
	EndGlobalSection
EndGlobal
